
Microsoft Visual Studio Solution File, Format Version 12.00
# Visual Studio Version 17
VisualStudioVersion = 17.2.32516.85
MinimumVisualStudioVersion = 10.0.40219.1
Project("{FAE04EC0-301F-11D3-BF4B-00C04F79EFBC}") = "BO", "BO\BO.csproj", "{79887BFD-A9CD-4367-AD20-95490239E35F}"
EndProject
Project("{FAE04EC0-301F-11D3-BF4B-00C04F79EFBC}") = "WEB", "WEB\WEB.csproj", "{0572DB51-84DE-4010-9B28-7D395AF3FE96}"
EndProject
Project("{2150E333-8FDC-42A3-9474-1A3956D46DE8}") = ".NET Framework", ".NET Framework", "{8AFD92DD-8168-475F-80A0-732394A57CC2}"
EndProject
Project("{2150E333-8FDC-42A3-9474-1A3956D46DE8}") = ".NET", ".NET", "{BBC946AB-85C5-47B0-995E-D35DE0966D24}"
EndProject
Project("{9A19103F-16F7-4668-BE54-9A1E7A4F7556}") = "BO_DotNet_6", "BO_DotNet_6\BO_DotNet_6.csproj", "{524395CE-19E4-44C3-B64C-BA67ACB68712}"
EndProject
Project("{9A19103F-16F7-4668-BE54-9A1E7A4F7556}") = "Web_DotNet_6", "Web_DotNet_6\Web_DotNet_6.csproj", "{3C2205E0-A58B-4AFE-867F-F8019857D565}"
EndProject
Global
	GlobalSection(SolutionConfigurationPlatforms) = preSolution
		Debug|Any CPU = Debug|Any CPU
		Release|Any CPU = Release|Any CPU
	EndGlobalSection
	GlobalSection(ProjectConfigurationPlatforms) = postSolution
		{79887BFD-A9CD-4367-AD20-95490239E35F}.Debug|Any CPU.ActiveCfg = Debug|Any CPU
		{79887BFD-A9CD-4367-AD20-95490239E35F}.Debug|Any CPU.Build.0 = Debug|Any CPU
		{79887BFD-A9CD-4367-AD20-95490239E35F}.Release|Any CPU.ActiveCfg = Release|Any CPU
		{79887BFD-A9CD-4367-AD20-95490239E35F}.Release|Any CPU.Build.0 = Release|Any CPU
		{0572DB51-84DE-4010-9B28-7D395AF3FE96}.Debug|Any CPU.ActiveCfg = Debug|Any CPU
		{0572DB51-84DE-4010-9B28-7D395AF3FE96}.Debug|Any CPU.Build.0 = Debug|Any CPU
		{0572DB51-84DE-4010-9B28-7D395AF3FE96}.Release|Any CPU.ActiveCfg = Release|Any CPU
		{0572DB51-84DE-4010-9B28-7D395AF3FE96}.Release|Any CPU.Build.0 = Release|Any CPU
		{524395CE-19E4-44C3-B64C-BA67ACB68712}.Debug|Any CPU.ActiveCfg = Debug|Any CPU
		{524395CE-19E4-44C3-B64C-BA67ACB68712}.Debug|Any CPU.Build.0 = Debug|Any CPU
		{524395CE-19E4-44C3-B64C-BA67ACB68712}.Release|Any CPU.ActiveCfg = Release|Any CPU
		{524395CE-19E4-44C3-B64C-BA67ACB68712}.Release|Any CPU.Build.0 = Release|Any CPU
		{3C2205E0-A58B-4AFE-867F-F8019857D565}.Debug|Any CPU.ActiveCfg = Debug|Any CPU
		{3C2205E0-A58B-4AFE-867F-F8019857D565}.Debug|Any CPU.Build.0 = Debug|Any CPU
		{3C2205E0-A58B-4AFE-867F-F8019857D565}.Release|Any CPU.ActiveCfg = Release|Any CPU
		{3C2205E0-A58B-4AFE-867F-F8019857D565}.Release|Any CPU.Build.0 = Release|Any CPU
	EndGlobalSection
	GlobalSection(SolutionProperties) = preSolution
		HideSolutionNode = FALSE
	EndGlobalSection
	GlobalSection(NestedProjects) = preSolution
		{79887BFD-A9CD-4367-AD20-95490239E35F} = {8AFD92DD-8168-475F-80A0-732394A57CC2}
		{0572DB51-84DE-4010-9B28-7D395AF3FE96} = {8AFD92DD-8168-475F-80A0-732394A57CC2}
		{524395CE-19E4-44C3-B64C-BA67ACB68712} = {BBC946AB-85C5-47B0-995E-D35DE0966D24}
		{3C2205E0-A58B-4AFE-867F-F8019857D565} = {BBC946AB-85C5-47B0-995E-D35DE0966D24}
	EndGlobalSection
	GlobalSection(ExtensibilityGlobals) = postSolution
		SolutionGuid = {F3F0370A-8CF6-42E2-A13B-8F99532016AC}
	EndGlobalSection
EndGlobal
